
Microsoft Visual Studio Solution File, Format Version 12.00
# Visual Studio Version 16
VisualStudioVersion = 16.0.30204.135
MinimumVisualStudioVersion = 10.0.40219.1
Project("{FAE04EC0-301F-11D3-BF4B-00C04F79EFBC}") = "sample_7_6", "sample_7_6\sample_7_6.csproj", "{2D67756C-A379-473B-80C5-7FA392BAF0DE}"
EndProject
Global
	GlobalSection(SolutionConfigurationPlatforms) = preSolution
		Debug|Any CPU = Debug|Any CPU
		Release|Any CPU = Release|Any CPU
	EndGlobalSection
	GlobalSection(ProjectConfigurationPlatforms) = postSolution
		{2D67756C-A379-473B-80C5-7FA392BAF0DE}.Debug|Any CPU.ActiveCfg = Debug|Any CPU
		{2D67756C-A379-473B-80C5-7FA392BAF0DE}.Debug|Any CPU.Build.0 = Debug|Any CPU
		{2D67756C-A379-473B-80C5-7FA392BAF0DE}.Release|Any CPU.ActiveCfg = Release|Any CPU
		{2D67756C-A379-473B-80C5-7FA392BAF0DE}.Release|Any CPU.Build.0 = Release|Any CPU
	EndGlobalSection
	GlobalSection(SolutionProperties) = preSolution
		HideSolutionNode = FALSE
	EndGlobalSection
	GlobalSection(ExtensibilityGlobals) = postSolution
		SolutionGuid = {227431DC-093F-4C0F-AAAE-D145CE227244}
	EndGlobalSection
EndGlobal
